
Microsoft Visual Studio Solution File, Format Version 12.00
# Visual Studio Version 17
VisualStudioVersion = 17.0.31912.275
MinimumVisualStudioVersion = 10.0.40219.1
Project("{FAE04EC0-301F-11D3-BF4B-00C04F79EFBC}") = "assignment 5", "assignment 5\assignment 5.csproj", "{68A02D7F-006B-4369-82F0-A11C539CC010}"
EndProject
Global
	GlobalSection(SolutionConfigurationPlatforms) = preSolution
		Debug|Any CPU = Debug|Any CPU
		Release|Any CPU = Release|Any CPU
	EndGlobalSection
	GlobalSection(ProjectConfigurationPlatforms) = postSolution
		{68A02D7F-006B-4369-82F0-A11C539CC010}.Debug|Any CPU.ActiveCfg = Debug|Any CPU
		{68A02D7F-006B-4369-82F0-A11C539CC010}.Debug|Any CPU.Build.0 = Debug|Any CPU
		{68A02D7F-006B-4369-82F0-A11C539CC010}.Release|Any CPU.ActiveCfg = Release|Any CPU
		{68A02D7F-006B-4369-82F0-A11C539CC010}.Release|Any CPU.Build.0 = Release|Any CPU
	EndGlobalSection
	GlobalSection(SolutionProperties) = preSolution
		HideSolutionNode = FALSE
	EndGlobalSection
	GlobalSection(ExtensibilityGlobals) = postSolution
		SolutionGuid = {16BF7CE6-710B-4A7F-9AD8-5CA2F06DA1E4}
	EndGlobalSection
EndGlobal
